
Microsoft Visual Studio Solution File, Format Version 12.00
# Visual Studio Version 17
VisualStudioVersion = 17.3.32901.215
MinimumVisualStudioVersion = 10.0.40219.1
Project("{9A19103F-16F7-4668-BE54-9A1E7A4F7556}") = "MyDocAppointment.API", "MyDocAppointment.API\MyDocAppointment.API\MyDocAppointment.API.csproj", "{1A6249EB-1AB2-4F29-8116-D16FD16A68A8}"
EndProject
Project("{9A19103F-16F7-4668-BE54-9A1E7A4F7556}") = "MyDocAppointment.Business", "MyDocAppointment.Business\MyDocAppointment.Business.csproj", "{6EA8053A-B471-4DA5-90CF-B88498AEC635}"
EndProject
Project("{9A19103F-16F7-4668-BE54-9A1E7A4F7556}") = "MyDocAppointment.Infrastructure", "MyDocAppointment.Infrastructure\MyDocAppointment.Infrastructure.csproj", "{4F058062-A179-4A92-B692-07B8EEBE0CB6}"
EndProject
Project("{9A19103F-16F7-4668-BE54-9A1E7A4F7556}") = "MyDocAppointment.Application", "MyDocAppointment.Application\MyDocAppointment.Application.csproj", "{5819B9E6-15BC-40E6-873A-1B29BA53CFEF}"
EndProject
Project("{FAE04EC0-301F-11D3-BF4B-00C04F79EFBC}") = "MyDocAppointment.Tests", "MyDocAppointment.Tests\MyDocAppointment.Tests.csproj", "{ED7EECD5-A09E-4000-AECB-471D545F793B}"
EndProject
Global
	GlobalSection(SolutionConfigurationPlatforms) = preSolution
		Debug|Any CPU = Debug|Any CPU
		Release|Any CPU = Release|Any CPU
	EndGlobalSection
	GlobalSection(ProjectConfigurationPlatforms) = postSolution
		{1A6249EB-1AB2-4F29-8116-D16FD16A68A8}.Debug|Any CPU.ActiveCfg = Debug|Any CPU
		{1A6249EB-1AB2-4F29-8116-D16FD16A68A8}.Debug|Any CPU.Build.0 = Debug|Any CPU
		{1A6249EB-1AB2-4F29-8116-D16FD16A68A8}.Release|Any CPU.ActiveCfg = Release|Any CPU
		{1A6249EB-1AB2-4F29-8116-D16FD16A68A8}.Release|Any CPU.Build.0 = Release|Any CPU
		{6EA8053A-B471-4DA5-90CF-B88498AEC635}.Debug|Any CPU.ActiveCfg = Debug|Any CPU
		{6EA8053A-B471-4DA5-90CF-B88498AEC635}.Debug|Any CPU.Build.0 = Debug|Any CPU
		{6EA8053A-B471-4DA5-90CF-B88498AEC635}.Release|Any CPU.ActiveCfg = Release|Any CPU
		{6EA8053A-B471-4DA5-90CF-B88498AEC635}.Release|Any CPU.Build.0 = Release|Any CPU
		{4F058062-A179-4A92-B692-07B8EEBE0CB6}.Debug|Any CPU.ActiveCfg = Debug|Any CPU
		{4F058062-A179-4A92-B692-07B8EEBE0CB6}.Debug|Any CPU.Build.0 = Debug|Any CPU
		{4F058062-A179-4A92-B692-07B8EEBE0CB6}.Release|Any CPU.ActiveCfg = Release|Any CPU
		{4F058062-A179-4A92-B692-07B8EEBE0CB6}.Release|Any CPU.Build.0 = Release|Any CPU
		{5819B9E6-15BC-40E6-873A-1B29BA53CFEF}.Debug|Any CPU.ActiveCfg = Debug|Any CPU
		{5819B9E6-15BC-40E6-873A-1B29BA53CFEF}.Debug|Any CPU.Build.0 = Debug|Any CPU
		{5819B9E6-15BC-40E6-873A-1B29BA53CFEF}.Release|Any CPU.ActiveCfg = Release|Any CPU
		{5819B9E6-15BC-40E6-873A-1B29BA53CFEF}.Release|Any CPU.Build.0 = Release|Any CPU
		{ED7EECD5-A09E-4000-AECB-471D545F793B}.Debug|Any CPU.ActiveCfg = Debug|Any CPU
		{ED7EECD5-A09E-4000-AECB-471D545F793B}.Debug|Any CPU.Build.0 = Debug|Any CPU
		{ED7EECD5-A09E-4000-AECB-471D545F793B}.Release|Any CPU.ActiveCfg = Release|Any CPU
		{ED7EECD5-A09E-4000-AECB-471D545F793B}.Release|Any CPU.Build.0 = Release|Any CPU
	EndGlobalSection
	GlobalSection(SolutionProperties) = preSolution
		HideSolutionNode = FALSE
	EndGlobalSection
	GlobalSection(ExtensibilityGlobals) = postSolution
		SolutionGuid = {80F83184-9368-45BA-83E2-2B7A76DF554E}
	EndGlobalSection
EndGlobal
